
Microsoft Visual Studio Solution File, Format Version 12.00
# Visual Studio Version 17
VisualStudioVersion = 17.1.32421.90
MinimumVisualStudioVersion = 10.0.40219.1
Project("{FAE04EC0-301F-11D3-BF4B-00C04F79EFBC}") = "WorkManagerAPI", "WorkManagerAPI\WorkManagerAPI.csproj", "{1695DF8C-7818-41C6-927D-693196D1781F}"
EndProject
Project("{2150E333-8FDC-42A3-9474-1A3956D46DE8}") = "src", "src", "{758EBF0B-7BBA-47A9-A3ED-7483DDAF4480}"
EndProject
Project("{2150E333-8FDC-42A3-9474-1A3956D46DE8}") = "1- Presentation", "1- Presentation", "{C370CC72-9DAC-49E0-A2C0-94B191C8B9EF}"
EndProject
Project("{2150E333-8FDC-42A3-9474-1A3956D46DE8}") = "2 - Application", "2 - Application", "{5EB4BB29-07B6-4D8D-B86E-89E397828C20}"
EndProject
Project("{2150E333-8FDC-42A3-9474-1A3956D46DE8}") = "3 - Domain", "3 - Domain", "{A1793BFD-AC5A-412C-8388-B769FD451BC4}"
EndProject
Project("{2150E333-8FDC-42A3-9474-1A3956D46DE8}") = "4 - Infra", "4 - Infra", "{9D37B8A0-1380-44C0-B67A-4AAEA75DFD96}"
EndProject
Project("{2150E333-8FDC-42A3-9474-1A3956D46DE8}") = "5 - CrossCutting", "5 - CrossCutting", "{803FBDF7-5AF8-48DE-93D6-6750FFE0C432}"
EndProject
Project("{FAE04EC0-301F-11D3-BF4B-00C04F79EFBC}") = "WM.Application", "WM.Application\WM.Application.csproj", "{0A0FAA0C-35D4-44B2-B82A-FA7BB193553B}"
EndProject
Project("{FAE04EC0-301F-11D3-BF4B-00C04F79EFBC}") = "WM.Context.Default", "WM.Context.Default\WM.Context.Default.csproj", "{D5C9593B-62DB-4A26-8C7F-5ECF63A46484}"
EndProject
Project("{FAE04EC0-301F-11D3-BF4B-00C04F79EFBC}") = "WM.Infra.Ioc", "WM.Infra.Ioc\WM.Infra.Ioc.csproj", "{CE7583AF-0403-42EC-9225-AF78D393BB11}"
EndProject
Project("{FAE04EC0-301F-11D3-BF4B-00C04F79EFBC}") = "WM.Infra.Services", "WM.Infra.Services\WM.Infra.Services.csproj", "{0658E0FF-DB81-41D7-8A74-BF08B404BE41}"
EndProject
Project("{FAE04EC0-301F-11D3-BF4B-00C04F79EFBC}") = "WM.Infra.Context.Persistence", "WM.Infra.Context.Persistence\WM.Infra.Context.Persistence.csproj", "{A79A59F5-C198-43F7-8F27-280FEFABF0E6}"
EndProject
Project("{FAE04EC0-301F-11D3-BF4B-00C04F79EFBC}") = "WM.CrossCutting", "WM.CrossCutting\WM.CrossCutting.csproj", "{B84FAD1A-3E6F-4844-9DE4-DF84DD000477}"
EndProject
Global
	GlobalSection(SolutionConfigurationPlatforms) = preSolution
		Debug|Any CPU = Debug|Any CPU
		Release|Any CPU = Release|Any CPU
	EndGlobalSection
	GlobalSection(ProjectConfigurationPlatforms) = postSolution
		{1695DF8C-7818-41C6-927D-693196D1781F}.Debug|Any CPU.ActiveCfg = Debug|Any CPU
		{1695DF8C-7818-41C6-927D-693196D1781F}.Debug|Any CPU.Build.0 = Debug|Any CPU
		{1695DF8C-7818-41C6-927D-693196D1781F}.Release|Any CPU.ActiveCfg = Release|Any CPU
		{1695DF8C-7818-41C6-927D-693196D1781F}.Release|Any CPU.Build.0 = Release|Any CPU
		{0A0FAA0C-35D4-44B2-B82A-FA7BB193553B}.Debug|Any CPU.ActiveCfg = Debug|Any CPU
		{0A0FAA0C-35D4-44B2-B82A-FA7BB193553B}.Debug|Any CPU.Build.0 = Debug|Any CPU
		{0A0FAA0C-35D4-44B2-B82A-FA7BB193553B}.Release|Any CPU.ActiveCfg = Release|Any CPU
		{0A0FAA0C-35D4-44B2-B82A-FA7BB193553B}.Release|Any CPU.Build.0 = Release|Any CPU
		{D5C9593B-62DB-4A26-8C7F-5ECF63A46484}.Debug|Any CPU.ActiveCfg = Debug|Any CPU
		{D5C9593B-62DB-4A26-8C7F-5ECF63A46484}.Debug|Any CPU.Build.0 = Debug|Any CPU
		{D5C9593B-62DB-4A26-8C7F-5ECF63A46484}.Release|Any CPU.ActiveCfg = Release|Any CPU
		{D5C9593B-62DB-4A26-8C7F-5ECF63A46484}.Release|Any CPU.Build.0 = Release|Any CPU
		{CE7583AF-0403-42EC-9225-AF78D393BB11}.Debug|Any CPU.ActiveCfg = Debug|Any CPU
		{CE7583AF-0403-42EC-9225-AF78D393BB11}.Debug|Any CPU.Build.0 = Debug|Any CPU
		{CE7583AF-0403-42EC-9225-AF78D393BB11}.Release|Any CPU.ActiveCfg = Release|Any CPU
		{CE7583AF-0403-42EC-9225-AF78D393BB11}.Release|Any CPU.Build.0 = Release|Any CPU
		{0658E0FF-DB81-41D7-8A74-BF08B404BE41}.Debug|Any CPU.ActiveCfg = Debug|Any CPU
		{0658E0FF-DB81-41D7-8A74-BF08B404BE41}.Debug|Any CPU.Build.0 = Debug|Any CPU
		{0658E0FF-DB81-41D7-8A74-BF08B404BE41}.Release|Any CPU.ActiveCfg = Release|Any CPU
		{0658E0FF-DB81-41D7-8A74-BF08B404BE41}.Release|Any CPU.Build.0 = Release|Any CPU
		{A79A59F5-C198-43F7-8F27-280FEFABF0E6}.Debug|Any CPU.ActiveCfg = Debug|Any CPU
		{A79A59F5-C198-43F7-8F27-280FEFABF0E6}.Debug|Any CPU.Build.0 = Debug|Any CPU
		{A79A59F5-C198-43F7-8F27-280FEFABF0E6}.Release|Any CPU.ActiveCfg = Release|Any CPU
		{A79A59F5-C198-43F7-8F27-280FEFABF0E6}.Release|Any CPU.Build.0 = Release|Any CPU
		{B84FAD1A-3E6F-4844-9DE4-DF84DD000477}.Debug|Any CPU.ActiveCfg = Debug|Any CPU
		{B84FAD1A-3E6F-4844-9DE4-DF84DD000477}.Debug|Any CPU.Build.0 = Debug|Any CPU
		{B84FAD1A-3E6F-4844-9DE4-DF84DD000477}.Release|Any CPU.ActiveCfg = Release|Any CPU
		{B84FAD1A-3E6F-4844-9DE4-DF84DD000477}.Release|Any CPU.Build.0 = Release|Any CPU
	EndGlobalSection
	GlobalSection(SolutionProperties) = preSolution
		HideSolutionNode = FALSE
	EndGlobalSection
	GlobalSection(NestedProjects) = preSolution
		{1695DF8C-7818-41C6-927D-693196D1781F} = {C370CC72-9DAC-49E0-A2C0-94B191C8B9EF}
		{C370CC72-9DAC-49E0-A2C0-94B191C8B9EF} = {758EBF0B-7BBA-47A9-A3ED-7483DDAF4480}
		{5EB4BB29-07B6-4D8D-B86E-89E397828C20} = {758EBF0B-7BBA-47A9-A3ED-7483DDAF4480}
		{A1793BFD-AC5A-412C-8388-B769FD451BC4} = {758EBF0B-7BBA-47A9-A3ED-7483DDAF4480}
		{9D37B8A0-1380-44C0-B67A-4AAEA75DFD96} = {758EBF0B-7BBA-47A9-A3ED-7483DDAF4480}
		{803FBDF7-5AF8-48DE-93D6-6750FFE0C432} = {758EBF0B-7BBA-47A9-A3ED-7483DDAF4480}
		{0A0FAA0C-35D4-44B2-B82A-FA7BB193553B} = {5EB4BB29-07B6-4D8D-B86E-89E397828C20}
		{D5C9593B-62DB-4A26-8C7F-5ECF63A46484} = {A1793BFD-AC5A-412C-8388-B769FD451BC4}
		{CE7583AF-0403-42EC-9225-AF78D393BB11} = {9D37B8A0-1380-44C0-B67A-4AAEA75DFD96}
		{0658E0FF-DB81-41D7-8A74-BF08B404BE41} = {9D37B8A0-1380-44C0-B67A-4AAEA75DFD96}
		{A79A59F5-C198-43F7-8F27-280FEFABF0E6} = {9D37B8A0-1380-44C0-B67A-4AAEA75DFD96}
		{B84FAD1A-3E6F-4844-9DE4-DF84DD000477} = {803FBDF7-5AF8-48DE-93D6-6750FFE0C432}
	EndGlobalSection
	GlobalSection(ExtensibilityGlobals) = postSolution
		SolutionGuid = {7A12BE11-ABB4-4060-AD7B-A4D7DCF78984}
	EndGlobalSection
EndGlobal
